<?xml version="1.0" encoding="utf-8"?>
<Project ToolsVersion="4.0" xmlns="http://schemas.microsoft.com/developer/msbuild/2003">
  <ItemGroup>
    <Filter Include="Header Files">
      <UniqueIdentifier>{93995380-89BD-4b04-88EB-625FBE52EBFB}</UniqueIdentifier>
      <Extensions>h;hh;hpp;hxx;hm;inl;inc;ipp;xsd</Extensions>
    </Filter>
    <Filter Include="src">
      <UniqueIdentifier>{f10cfbeb-4ba5-4068-a520-fd9431496c6e}</UniqueIdentifier>
    </Filter>
    <Filter Include="external">
      <UniqueIdentifier>{c12df182-6e8f-48b9-8c0b-b41965738f90}</UniqueIdentifier>
    </Filter>
    <Filter Include="resource">
      <UniqueIdentifier>{67DA6AB6-F800-4c08-8B7A-83BB121AAD01}</UniqueIdentifier>
      <Extensions>rc;ico;cur;bmp;dlg;rc2;rct;bin;rgs;gif;jpg;jpeg;jpe;resx;tiff;tif;png;wav;mfcribbon-ms</Extensions>
    </Filter>
    <Filter Include="external\imgui">
      <UniqueIdentifier>{ffa6cf87-0e71-4541-90ac-987a0a2fc22e}</UniqueIdentifier>
    </Filter>
    <Filter Include="src\core">
      <UniqueIdentifier>{f1b075ed-7d7e-411a-aec3-ba22ea8f17ca}</UniqueIdentifier>
    </Filter>
    <Filter Include="resource\font">
      <UniqueIdentifier>{1a893e16-632a-4a31-9ce9-05f765d5f9e1}</UniqueIdentifier>
    </Filter>
    <Filter Include="resource\shader">
      <UniqueIdentifier>{7163b106-b29f-4d88-83b9-e553d3d9d231}</UniqueIdentifier>
    </Filter>
    <Filter Include="external\entt">
      <UniqueIdentifier>{74d42279-4170-4ab1-a390-aba1852cfbab}</UniqueIdentifier>
    </Filter>
    <Filter Include="src\render">
      <UniqueIdentifier>{9b2be666-378a-4c53-91ff-cd98354a3807}</UniqueIdentifier>
    </Filter>
    <Filter Include="src\controls">
      <UniqueIdentifier>{e7ca327b-c951-4278-b3d6-7169dde89f34}</UniqueIdentifier>
    </Filter>
  </ItemGroup>
  <ItemGroup>
    <ClInclude Include="include\imgui\imconfig.h">
      <Filter>external\imgui</Filter>
    </ClInclude>
    <ClInclude Include="include\imgui\imgui.h">
      <Filter>external\imgui</Filter>
    </ClInclude>
    <ClInclude Include="include\imgui\imgui_impl_dx11.h">
      <Filter>external\imgui</Filter>
    </ClInclude>
    <ClInclude Include="include\imgui\imgui_impl_win32.h">
      <Filter>external\imgui</Filter>
    </ClInclude>
    <ClInclude Include="include\imgui\imgui_internal.h">
      <Filter>external\imgui</Filter>
    </ClInclude>
    <ClInclude Include="include\imgui\imstb_rectpack.h">
      <Filter>external\imgui</Filter>
    </ClInclude>
    <ClInclude Include="include\imgui\imstb_textedit.h">
      <Filter>external\imgui</Filter>
    </ClInclude>
    <ClInclude Include="include\imgui\imstb_truetype.h">
      <Filter>external\imgui</Filter>
    </ClInclude>
    <ClInclude Include="src\core\InitWindow.h">
      <Filter>src\core</Filter>
    </ClInclude>
    <ClInclude Include="include\entt\entt.hpp">
      <Filter>external\entt</Filter>
    </ClInclude>
    <ClInclude Include="src\render\InitBuff.h">
      <Filter>src\render</Filter>
    </ClInclude>
    <ClInclude Include="src\render\InitDevice.h">
      <Filter>src\render</Filter>
    </ClInclude>
    <ClInclude Include="src\render\InitShader.h">
      <Filter>src\render</Filter>
    </ClInclude>
    <ClInclude Include="src\render\ObjectToRender.h">
      <Filter>src\render</Filter>
    </ClInclude>
    <ClInclude Include="src\render\ReadObj.h">
      <Filter>src\render</Filter>
    </ClInclude>
    <ClInclude Include="src\render\DeltaTime.h">
      <Filter>src\render</Filter>
    </ClInclude>
    <ClInclude Include="src\render\FrameStats.h">
      <Filter>src\render</Filter>
    </ClInclude>
    <ClInclude Include="src\DxEngine.h">
      <Filter>src</Filter>
    </ClInclude>
    <ClInclude Include="src\core\Main.h">
      <Filter>src\core</Filter>
    </ClInclude>
    <ClInclude Include="src\controls\Camera.h">
      <Filter>src\controls</Filter>
    </ClInclude>
  </ItemGroup>
  <ItemGroup>
    <ClCompile Include="include\imgui\imgui.cpp">
      <Filter>external\imgui</Filter>
    </ClCompile>
    <ClCompile Include="include\imgui\imgui_demo.cpp">
      <Filter>external\imgui</Filter>
    </ClCompile>
    <ClCompile Include="include\imgui\imgui_draw.cpp">
      <Filter>external\imgui</Filter>
    </ClCompile>
    <ClCompile Include="include\imgui\imgui_impl_dx11.cpp">
      <Filter>external\imgui</Filter>
    </ClCompile>
    <ClCompile Include="include\imgui\imgui_impl_win32.cpp">
      <Filter>external\imgui</Filter>
    </ClCompile>
    <ClCompile Include="include\imgui\imgui_widgets.cpp">
      <Filter>external\imgui</Filter>
    </ClCompile>
    <ClCompile Include="src\core\InitWindow.cpp">
      <Filter>src\core</Filter>
    </ClCompile>
    <ClCompile Include="src\render\InitBuff.cpp">
      <Filter>src\render</Filter>
    </ClCompile>
    <ClCompile Include="src\render\InitDevice.cpp">
      <Filter>src\render</Filter>
    </ClCompile>
    <ClCompile Include="src\render\InitShader.cpp">
      <Filter>src\render</Filter>
    </ClCompile>
    <ClCompile Include="src\render\ObjectToRender.cpp">
      <Filter>src\render</Filter>
    </ClCompile>
    <ClCompile Include="src\render\ReadObj.cpp">
      <Filter>src\render</Filter>
    </ClCompile>
    <ClCompile Include="src\render\DeltaTime.cpp">
      <Filter>src\render</Filter>
    </ClCompile>
    <ClCompile Include="src\render\FrameStats.cpp">
      <Filter>src\render</Filter>
    </ClCompile>
    <ClCompile Include="src\core\Main.cpp">
      <Filter>src\core</Filter>
    </ClCompile>
    <ClCompile Include="src\controls\Camera.cpp">
      <Filter>src\controls</Filter>
    </ClCompile>
  </ItemGroup>
  <ItemGroup>
    <None Include="include\imgui\imgui.ini">
      <Filter>external\imgui</Filter>
    </None>
    <None Include="resources\font\myfile.spritefont">
      <Filter>resource\font</Filter>
    </None>
    <None Include="packages.config" />
  </ItemGroup>
  <ItemGroup>
    <FxCompile Include="resources\shader\PixelTriangle.hlsl">
      <Filter>resource\shader</Filter>
    </FxCompile>
    <FxCompile Include="resources\shader\VertexTriangle.hlsl">
      <Filter>resource\shader</Filter>
    </FxCompile>
  </ItemGroup>
</Project>